
Microsoft Visual Studio Solution File, Format Version 12.00
# Visual Studio Version 16
VisualStudioVersion = 16.0.29728.190
MinimumVisualStudioVersion = 10.0.40219.1
Project("{FAE04EC0-301F-11D3-BF4B-00C04F79EFBC}") = "Order", "Order\Order.csproj", "{91CD5570-6007-481E-97FD-DDBA8F908454}"
EndProject
Global
	GlobalSection(SolutionConfigurationPlatforms) = preSolution
		Debug|Any CPU = Debug|Any CPU
		Release|Any CPU = Release|Any CPU
	EndGlobalSection
	GlobalSection(ProjectConfigurationPlatforms) = postSolution
		{91CD5570-6007-481E-97FD-DDBA8F908454}.Debug|Any CPU.ActiveCfg = Debug|Any CPU
		{91CD5570-6007-481E-97FD-DDBA8F908454}.Debug|Any CPU.Build.0 = Debug|Any CPU
		{91CD5570-6007-481E-97FD-DDBA8F908454}.Release|Any CPU.ActiveCfg = Release|Any CPU
		{91CD5570-6007-481E-97FD-DDBA8F908454}.Release|Any CPU.Build.0 = Release|Any CPU
	EndGlobalSection
	GlobalSection(SolutionProperties) = preSolution
		HideSolutionNode = FALSE
	EndGlobalSection
	GlobalSection(ExtensibilityGlobals) = postSolution
		SolutionGuid = {44A62F13-18D9-4C23-ACAF-EA62C7547F01}
	EndGlobalSection
EndGlobal
